// !$*UTF8*$!
{
	archiveVersion = 1;
	classes = {
	};
	objectVersion = 46;
	objects = {

/* Begin PBXBuildFile section */
		2686BED71963FECC003FEA13 /* Foundation.framework in Frameworks */ = {isa = PBXBuildFile; fileRef = 2686BED61963FECC003FEA13 /* Foundation.framework */; };
		2686BED91963FECC003FEA13 /* CoreGraphics.framework in Frameworks */ = {isa = PBXBuildFile; fileRef = 2686BED81963FECC003FEA13 /* CoreGraphics.framework */; };
		2686BEDB1963FECC003FEA13 /* UIKit.framework in Frameworks */ = {isa = PBXBuildFile; fileRef = 2686BEDA1963FECC003FEA13 /* UIKit.framework */; };
		2686BEE11963FECC003FEA13 /* InfoPlist.strings in Resources */ = {isa = PBXBuildFile; fileRef = 2686BEDF1963FECC003FEA13 /* InfoPlist.strings */; };
		2686BEE31963FECC003FEA13 /* main.m in Sources */ = {isa = PBXBuildFile; fileRef = 2686BEE21963FECC003FEA13 /* main.m */; };
		2686BEE71963FECC003FEA13 /* AppDelegate.m in Sources */ = {isa = PBXBuildFile; fileRef = 2686BEE61963FECC003FEA13 /* AppDelegate.m */; };
		2686BEEA1963FECC003FEA13 /* Main.storyboard in Resources */ = {isa = PBXBuildFile; fileRef = 2686BEE81963FECC003FEA13 /* Main.storyboard */; };
		2686BEED1963FECC003FEA13 /* ViewController.m in Sources */ = {isa = PBXBuildFile; fileRef = 2686BEEC1963FECC003FEA13 /* ViewController.m */; };
		2686BEEF1963FECD003FEA13 /* Images.xcassets in Resources */ = {isa = PBXBuildFile; fileRef = 2686BEEE1963FECD003FEA13 /* Images.xcassets */; };
		2686BEF61963FED2003FEA13 /* XCTest.framework in Frameworks */ = {isa = PBXBuildFile; fileRef = 2686BEF51963FED2003FEA13 /* XCTest.framework */; };
		2686BEF71963FED2003FEA13 /* Foundation.framework in Frameworks */ = {isa = PBXBuildFile; fileRef = 2686BED61963FECC003FEA13 /* Foundation.framework */; };
		2686BEF81963FED2003FEA13 /* UIKit.framework in Frameworks */ = {isa = PBXBuildFile; fileRef = 2686BEDA1963FECC003FEA13 /* UIKit.framework */; };
		2686BF001963FED2003FEA13 /* InfoPlist.strings in Resources */ = {isa = PBXBuildFile; fileRef = 2686BEFE1963FED2003FEA13 /* InfoPlist.strings */; };
		2686BF021963FED2003FEA13 /* YmdAndHmPickerTests.m in Sources */ = {isa = PBXBuildFile; fileRef = 2686BF011963FED2003FEA13 /* YmdAndHmPickerTests.m */; };
		2686BF0E1963FEFC003FEA13 /* YmdAndHmPicker.m in Sources */ = {isa = PBXBuildFile; fileRef = 2686BF0C1963FEFC003FEA13 /* YmdAndHmPicker.m */; };
		2686BF0F1963FEFC003FEA13 /* YmdAndHmPicker.xib in Resources */ = {isa = PBXBuildFile; fileRef = 2686BF0D1963FEFC003FEA13 /* YmdAndHmPicker.xib */; };
		2686BF121963FF59003FEA13 /* MiUtils.m in Sources */ = {isa = PBXBuildFile; fileRef = 2686BF111963FF59003FEA13 /* MiUtils.m */; };
/* End PBXBuildFile section */

/* Begin PBXContainerItemProxy section */
		2686BEF91963FED2003FEA13 /* PBXContainerItemProxy */ = {
			isa = PBXContainerItemProxy;
			containerPortal = 2686BECB1963FECC003FEA13 /* Project object */;
			proxyType = 1;
			remoteGlobalIDString = 2686BED21963FECC003FEA13;
			remoteInfo = YmdAndHmPicker;
		};
/* End PBXContainerItemProxy section */

/* Begin PBXFileReference section */
		2686BED31963FECC003FEA13 /* YmdAndHmPicker.app */ = {isa = PBXFileReference; explicitFileType = wrapper.application; includeInIndex = 0; path = YmdAndHmPicker.app; sourceTree = BUILT_PRODUCTS_DIR; };
		2686BED61963FECC003FEA13 /* Foundation.framework */ = {isa = PBXFileReference; lastKnownFileType = wrapper.framework; name = Foundation.framework; path = System/Library/Frameworks/Foundation.framework; sourceTree = SDKROOT; };
		2686BED81963FECC003FEA13 /* CoreGraphics.framework */ = {isa = PBXFileReference; lastKnownFileType = wrapper.framework; name = CoreGraphics.framework; path = System/Library/Frameworks/CoreGraphics.framework; sourceTree = SDKROOT; };
		2686BEDA1963FECC003FEA13 /* UIKit.framework */ = {isa = PBXFileReference; lastKnownFileType = wrapper.framework; name = UIKit.framework; path = System/Library/Frameworks/UIKit.framework; sourceTree = SDKROOT; };
		2686BEDE1963FECC003FEA13 /* YmdAndHmPicker-Info.plist */ = {isa = PBXFileReference; lastKnownFileType = text.plist.xml; path = "YmdAndHmPicker-Info.plist"; sourceTree = "<group>"; };
		2686BEE01963FECC003FEA13 /* en */ = {isa = PBXFileReference; lastKnownFileType = text.plist.strings; name = en; path = en.lproj/InfoPlist.strings; sourceTree = "<group>"; };
		2686BEE21963FECC003FEA13 /* main.m */ = {isa = PBXFileReference; lastKnownFileType = sourcecode.c.objc; path = main.m; sourceTree = "<group>"; };
		2686BEE41963FECC003FEA13 /* YmdAndHmPicker-Prefix.pch */ = {isa = PBXFileReference; lastKnownFileType = sourcecode.c.h; path = "YmdAndHmPicker-Prefix.pch"; sourceTree = "<group>"; };
		2686BEE51963FECC003FEA13 /* AppDelegate.h */ = {isa = PBXFileReference; lastKnownFileType = sourcecode.c.h; path = AppDelegate.h; sourceTree = "<group>"; };
		2686BEE61963FECC003FEA13 /* AppDelegate.m */ = {isa = PBXFileReference; lastKnownFileType = sourcecode.c.objc; path = AppDelegate.m; sourceTree = "<group>"; };
		2686BEE91963FECC003FEA13 /* Base */ = {isa = PBXFileReference; lastKnownFileType = file.storyboard; name = Base; path = Base.lproj/Main.storyboard; sourceTree = "<group>"; };
		2686BEEB1963FECC003FEA13 /* ViewController.h */ = {isa = PBXFileReference; lastKnownFileType = sourcecode.c.h; path = ViewController.h; sourceTree = "<group>"; };
		2686BEEC1963FECC003FEA13 /* ViewController.m */ = {isa = PBXFileReference; lastKnownFileType = sourcecode.c.objc; path = ViewController.m; sourceTree = "<group>"; };
		2686BEEE1963FECD003FEA13 /* Images.xcassets */ = {isa = PBXFileReference; lastKnownFileType = folder.assetcatalog; path = Images.xcassets; sourceTree = "<group>"; };
		2686BEF41963FED2003FEA13 /* YmdAndHmPickerTests.xctest */ = {isa = PBXFileReference; explicitFileType = wrapper.cfbundle; includeInIndex = 0; path = YmdAndHmPickerTests.xctest; sourceTree = BUILT_PRODUCTS_DIR; };
		2686BEF51963FED2003FEA13 /* XCTest.framework */ = {isa = PBXFileReference; lastKnownFileType = wrapper.framework; name = XCTest.framework; path = Library/Frameworks/XCTest.framework; sourceTree = DEVELOPER_DIR; };
		2686BEFD1963FED2003FEA13 /* YmdAndHmPickerTests-Info.plist */ = {isa = PBXFileReference; lastKnownFileType = text.plist.xml; path = "YmdAndHmPickerTests-Info.plist"; sourceTree = "<group>"; };
		2686BEFF1963FED2003FEA13 /* en */ = {isa = PBXFileReference; lastKnownFileType = text.plist.strings; name = en; path = en.lproj/InfoPlist.strings; sourceTree = "<group>"; };
		2686BF011963FED2003FEA13 /* YmdAndHmPickerTests.m */ = {isa = PBXFileReference; lastKnownFileType = sourcecode.c.objc; path = YmdAndHmPickerTests.m; sourceTree = "<group>"; };
		2686BF0B1963FEFC003FEA13 /* YmdAndHmPicker.h */ = {isa = PBXFileReference; fileEncoding = 4; lastKnownFileType = sourcecode.c.h; path = YmdAndHmPicker.h; sourceTree = "<group>"; };
		2686BF0C1963FEFC003FEA13 /* YmdAndHmPicker.m */ = {isa = PBXFileReference; fileEncoding = 4; lastKnownFileType = sourcecode.c.objc; path = YmdAndHmPicker.m; sourceTree = "<group>"; };
		2686BF0D1963FEFC003FEA13 /* YmdAndHmPicker.xib */ = {isa = PBXFileReference; fileEncoding = 4; lastKnownFileType = file.xib; path = YmdAndHmPicker.xib; sourceTree = "<group>"; };
		2686BF101963FF59003FEA13 /* MiUtils.h */ = {isa = PBXFileReference; fileEncoding = 4; lastKnownFileType = sourcecode.c.h; path = MiUtils.h; sourceTree = "<group>"; };
		2686BF111963FF59003FEA13 /* MiUtils.m */ = {isa = PBXFileReference; fileEncoding = 4; lastKnownFileType = sourcecode.c.objc; path = MiUtils.m; sourceTree = "<group>"; };
/* End PBXFileReference section */

/* Begin PBXFrameworksBuildPhase section */
		2686BED01963FECC003FEA13 /* Frameworks */ = {
			isa = PBXFrameworksBuildPhase;
			buildActionMask = 2147483647;
			files = (
				2686BED91963FECC003FEA13 /* CoreGraphics.framework in Frameworks */,
				2686BEDB1963FECC003FEA13 /* UIKit.framework in Frameworks */,
				2686BED71963FECC003FEA13 /* Foundation.framework in Frameworks */,
			);
			runOnlyForDeploymentPostprocessing = 0;
		};
		2686BEF11963FED2003FEA13 /* Frameworks */ = {
			isa = PBXFrameworksBuildPhase;
			buildActionMask = 2147483647;
			files = (
				2686BEF61963FED2003FEA13 /* XCTest.framework in Frameworks */,
				2686BEF81963FED2003FEA13 /* UIKit.framework in Frameworks */,
				2686BEF71963FED2003FEA13 /* Foundation.framework in Frameworks */,
			);
			runOnlyForDeploymentPostprocessing = 0;
		};
/* End PBXFrameworksBuildPhase section */

/* Begin PBXGroup section */
		2686BECA1963FECC003FEA13 = {
			isa = PBXGroup;
			children = (
				2686BF101963FF59003FEA13 /* MiUtils.h */,
				2686BF111963FF59003FEA13 /* MiUtils.m */,
				2686BF0B1963FEFC003FEA13 /* YmdAndHmPicker.h */,
				2686BF0C1963FEFC003FEA13 /* YmdAndHmPicker.m */,
				2686BF0D1963FEFC003FEA13 /* YmdAndHmPicker.xib */,
				2686BEDC1963FECC003FEA13 /* YmdAndHmPicker */,
				2686BEFB1963FED2003FEA13 /* YmdAndHmPickerTests */,
				2686BED51963FECC003FEA13 /* Frameworks */,
				2686BED41963FECC003FEA13 /* Products */,
			);
			sourceTree = "<group>";
		};
		2686BED41963FECC003FEA13 /* Products */ = {
			isa = PBXGroup;
			children = (
				2686BED31963FECC003FEA13 /* YmdAndHmPicker.app */,
				2686BEF41963FED2003FEA13 /* YmdAndHmPickerTests.xctest */,
			);
			name = Products;
			sourceTree = "<group>";
		};
		2686BED51963FECC003FEA13 /* Frameworks */ = {
			isa = PBXGroup;
			children = (
				2686BED61963FECC003FEA13 /* Foundation.framework */,
				2686BED81963FECC003FEA13 /* CoreGraphics.framework */,
				2686BEDA1963FECC003FEA13 /* UIKit.framework */,
				2686BEF51963FED2003FEA13 /* XCTest.framework */,
			);
			name = Frameworks;
			sourceTree = "<group>";
		};
		2686BEDC1963FECC003FEA13 /* YmdAndHmPicker */ = {
			isa = PBXGroup;
			children = (
				2686BEE51963FECC003FEA13 /* AppDelegate.h */,
				2686BEE61963FECC003FEA13 /* AppDelegate.m */,
				2686BEE81963FECC003FEA13 /* Main.storyboard */,
				2686BEEB1963FECC003FEA13 /* ViewController.h */,
				2686BEEC1963FECC003FEA13 /* ViewController.m */,
				2686BEEE1963FECD003FEA13 /* Images.xcassets */,
				2686BEDD1963FECC003FEA13 /* Supporting Files */,
			);
			path = YmdAndHmPicker;
			sourceTree = "<group>";
		};
		2686BEDD1963FECC003FEA13 /* Supporting Files */ = {
			isa = PBXGroup;
			children = (
				2686BEDE1963FECC003FEA13 /* YmdAndHmPicker-Info.plist */,
				2686BEDF1963FECC003FEA13 /* InfoPlist.strings */,
				2686BEE21963FECC003FEA13 /* main.m */,
				2686BEE41963FECC003FEA13 /* YmdAndHmPicker-Prefix.pch */,
			);
			name = "Supporting Files";
			sourceTree = "<group>";
		};
		2686BEFB1963FED2003FEA13 /* YmdAndHmPickerTests */ = {
			isa = PBXGroup;
			children = (
				2686BF011963FED2003FEA13 /* YmdAndHmPickerTests.m */,
				2686BEFC1963FED2003FEA13 /* Supporting Files */,
			);
			path = YmdAndHmPickerTests;
			sourceTree = "<group>";
		};
		2686BEFC1963FED2003FEA13 /* Supporting Files */ = {
			isa = PBXGroup;
			children = (
				2686BEFD1963FED2003FEA13 /* YmdAndHmPickerTests-Info.plist */,
				2686BEFE1963FED2003FEA13 /* InfoPlist.strings */,
			);
			name = "Supporting Files";
			sourceTree = "<group>";
		};
/* End PBXGroup section */

/* Begin PBXNativeTarget section */
		2686BED21963FECC003FEA13 /* YmdAndHmPicker */ = {
			isa = PBXNativeTarget;
			buildConfigurationList = 2686BF051963FED2003FEA13 /* Build configuration list for PBXNativeTarget "YmdAndHmPicker" */;
			buildPhases = (
				2686BECF1963FECC003FEA13 /* Sources */,
				2686BED01963FECC003FEA13 /* Frameworks */,
				2686BED11963FECC003FEA13 /* Resources */,
			);
			buildRules = (
			);
			dependencies = (
			);
			name = YmdAndHmPicker;
			productName = YmdAndHmPicker;
			productReference = 2686BED31963FECC003FEA13 /* YmdAndHmPicker.app */;
			productType = "com.apple.product-type.application";
		};
		2686BEF31963FED2003FEA13 /* YmdAndHmPickerTests */ = {
			isa = PBXNativeTarget;
			buildConfigurationList = 2686BF081963FED2003FEA13 /* Build configuration list for PBXNativeTarget "YmdAndHmPickerTests" */;
			buildPhases = (
				2686BEF01963FED2003FEA13 /* Sources */,
				2686BEF11963FED2003FEA13 /* Frameworks */,
				2686BEF21963FED2003FEA13 /* Resources */,
			);
			buildRules = (
			);
			dependencies = (
				2686BEFA1963FED2003FEA13 /* PBXTargetDependency */,
			);
			name = YmdAndHmPickerTests;
			productName = YmdAndHmPickerTests;
			productReference = 2686BEF41963FED2003FEA13 /* YmdAndHmPickerTests.xctest */;
			productType = "com.apple.product-type.bundle.unit-test";
		};
/* End PBXNativeTarget section */

/* Begin PBXProject section */
		2686BECB1963FECC003FEA13 /* Project object */ = {
			isa = PBXProject;
			attributes = {
				LastUpgradeCheck = 0510;
				ORGANIZATIONNAME = kmyhy;
				TargetAttributes = {
					2686BEF31963FED2003FEA13 = {
						TestTargetID = 2686BED21963FECC003FEA13;
					};
				};
			};
			buildConfigurationList = 2686BECE1963FECC003FEA13 /* Build configuration list for PBXProject "YmdAndHmPicker" */;
			compatibilityVersion = "Xcode 3.2";
			developmentRegion = English;
			hasScannedForEncodings = 0;
			knownRegions = (
				en,
				Base,
			);
			mainGroup = 2686BECA1963FECC003FEA13;
			productRefGroup = 2686BED41963FECC003FEA13 /* Products */;
			projectDirPath = "";
			projectRoot = "";
			targets = (
				2686BED21963FECC003FEA13 /* YmdAndHmPicker */,
				2686BEF31963FED2003FEA13 /* YmdAndHmPickerTests */,
			);
		};
/* End PBXProject section */

/* Begin PBXResourcesBuildPhase section */
		2686BED11963FECC003FEA13 /* Resources */ = {
			isa = PBXResourcesBuildPhase;
			buildActionMask = 2147483647;
			files = (
				2686BEEF1963FECD003FEA13 /* Images.xcassets in Resources */,
				2686BEE11963FECC003FEA13 /* InfoPlist.strings in Resources */,
				2686BEEA1963FECC003FEA13 /* Main.storyboard in Resources */,
				2686BF0F1963FEFC003FEA13 /* YmdAndHmPicker.xib in Resources */,
			);
			runOnlyForDeploymentPostprocessing = 0;
		};
		2686BEF21963FED2003FEA13 /* Resources */ = {
			isa = PBXResourcesBuildPhase;
			buildActionMask = 2147483647;
			files = (
				2686BF001963FED2003FEA13 /* InfoPlist.strings in Resources */,
			);
			runOnlyForDeploymentPostprocessing = 0;
		};
/* End PBXResourcesBuildPhase section */

/* Begin PBXSourcesBuildPhase section */
		2686BECF1963FECC003FEA13 /* Sources */ = {
			isa = PBXSourcesBuildPhase;
			buildActionMask = 2147483647;
			files = (
				2686BEED1963FECC003FEA13 /* ViewController.m in Sources */,
				2686BEE71963FECC003FEA13 /* AppDelegate.m in Sources */,
				2686BEE31963FECC003FEA13 /* main.m in Sources */,
				2686BF121963FF59003FEA13 /* MiUtils.m in Sources */,
				2686BF0E1963FEFC003FEA13 /* YmdAndHmPicker.m in Sources */,
			);
			runOnlyForDeploymentPostprocessing = 0;
		};
		2686BEF01963FED2003FEA13 /* Sources */ = {
			isa = PBXSourcesBuildPhase;
			buildActionMask = 2147483647;
			files = (
				2686BF021963FED2003FEA13 /* YmdAndHmPickerTests.m in Sources */,
			);
			runOnlyForDeploymentPostprocessing = 0;
		};
/* End PBXSourcesBuildPhase section */

/* Begin PBXTargetDependency section */
		2686BEFA1963FED2003FEA13 /* PBXTargetDependency */ = {
			isa = PBXTargetDependency;
			target = 2686BED21963FECC003FEA13 /* YmdAndHmPicker */;
			targetProxy = 2686BEF91963FED2003FEA13 /* PBXContainerItemProxy */;
		};
/* End PBXTargetDependency section */

/* Begin PBXVariantGroup section */
		2686BEDF1963FECC003FEA13 /* InfoPlist.strings */ = {
			isa = PBXVariantGroup;
			children = (
				2686BEE01963FECC003FEA13 /* en */,
			);
			name = InfoPlist.strings;
			sourceTree = "<group>";
		};
		2686BEE81963FECC003FEA13 /* Main.storyboard */ = {
			isa = PBXVariantGroup;
			children = (
				2686BEE91963FECC003FEA13 /* Base */,
			);
			name = Main.storyboard;
			sourceTree = "<group>";
		};
		2686BEFE1963FED2003FEA13 /* InfoPlist.strings */ = {
			isa = PBXVariantGroup;
			children = (
				2686BEFF1963FED2003FEA13 /* en */,
			);
			name = InfoPlist.strings;
			sourceTree = "<group>";
		};
/* End PBXVariantGroup section */

/* Begin XCBuildConfiguration section */
		2686BF031963FED2003FEA13 /* Debug */ = {
			isa = XCBuildConfiguration;
			buildSettings = {
				ALWAYS_SEARCH_USER_PATHS = NO;
				CLANG_CXX_LANGUAGE_STANDARD = "gnu++0x";
				CLANG_CXX_LIBRARY = "libc++";
				CLANG_ENABLE_MODULES = YES;
				CLANG_ENABLE_OBJC_ARC = YES;
				CLANG_WARN_BOOL_CONVERSION = YES;
				CLANG_WARN_CONSTANT_CONVERSION = YES;
				CLANG_WARN_DIRECT_OBJC_ISA_USAGE = YES_ERROR;
				CLANG_WARN_EMPTY_BODY = YES;
				CLANG_WARN_ENUM_CONVERSION = YES;
				CLANG_WARN_INT_CONVERSION = YES;
				CLANG_WARN_OBJC_ROOT_CLASS = YES_ERROR;
				CLANG_WARN__DUPLICATE_METHOD_MATCH = YES;
				"CODE_SIGN_IDENTITY[sdk=iphoneos*]" = "iPhone Developer";
				COPY_PHASE_STRIP = NO;
				GCC_C_LANGUAGE_STANDARD = gnu99;
				GCC_DYNAMIC_NO_PIC = NO;
				GCC_OPTIMIZATION_LEVEL = 0;
				GCC_PREPROCESSOR_DEFINITIONS = (
					"DEBUG=1",
					"$(inherited)",
				);
				GCC_SYMBOLS_PRIVATE_EXTERN = NO;
				GCC_WARN_64_TO_32_BIT_CONVERSION = YES;
				GCC_WARN_ABOUT_RETURN_TYPE = YES_ERROR;
				GCC_WARN_UNDECLARED_SELECTOR = YES;
				GCC_WARN_UNINITIALIZED_AUTOS = YES_AGGRESSIVE;
				GCC_WARN_UNUSED_FUNCTION = YES;
				GCC_WARN_UNUSED_VARIABLE = YES;
				IPHONEOS_DEPLOYMENT_TARGET = 7.1;
				ONLY_ACTIVE_ARCH = YES;
				SDKROOT = iphoneos;
			};
			name = Debug;
		};
		2686BF041963FED2003FEA13 /* Release */ = {
			isa = XCBuildConfiguration;
			buildSettings = {
				ALWAYS_SEARCH_USER_PATHS = NO;
				CLANG_CXX_LANGUAGE_STANDARD = "gnu++0x";
				CLANG_CXX_LIBRARY = "libc++";
				CLANG_ENABLE_MODULES = YES;
				CLANG_ENABLE_OBJC_ARC = YES;
				CLANG_WARN_BOOL_CONVERSION = YES;
				CLANG_WARN_CONSTANT_CONVERSION = YES;
				CLANG_WARN_DIRECT_OBJC_ISA_USAGE = YES_ERROR;
				CLANG_WARN_EMPTY_BODY = YES;
				CLANG_WARN_ENUM_CONVERSION = YES;
				CLANG_WARN_INT_CONVERSION = YES;
				CLANG_WARN_OBJC_ROOT_CLASS = YES_ERROR;
				CLANG_WARN__DUPLICATE_METHOD_MATCH = YES;
				"CODE_SIGN_IDENTITY[sdk=iphoneos*]" = "iPhone Developer";
				COPY_PHASE_STRIP = YES;
				ENABLE_NS_ASSERTIONS = NO;
				GCC_C_LANGUAGE_STANDARD = gnu99;
				GCC_WARN_64_TO_32_BIT_CONVERSION = YES;
				GCC_WARN_ABOUT_RETURN_TYPE = YES_ERROR;
				GCC_WARN_UNDECLARED_SELECTOR = YES;
				GCC_WARN_UNINITIALIZED_AUTOS = YES_AGGRESSIVE;
				GCC_WARN_UNUSED_FUNCTION = YES;
				GCC_WARN_UNUSED_VARIABLE = YES;
				IPHONEOS_DEPLOYMENT_TARGET = 7.1;
				SDKROOT = iphoneos;
				VALIDATE_PRODUCT = YES;
			};
			name = Release;
		};
		2686BF061963FED2003FEA13 /* Debug */ = {
			isa = XCBuildConfiguration;
			buildSettings = {
				ASSETCATALOG_COMPILER_APPICON_NAME = AppIcon;
				ASSETCATALOG_COMPILER_LAUNCHIMAGE_NAME = LaunchImage;
				GCC_PRECOMPILE_PREFIX_HEADER = YES;
				GCC_PREFIX_HEADER = "YmdAndHmPicker/YmdAndHmPicker-Prefix.pch";
				INFOPLIST_FILE = "YmdAndHmPicker/YmdAndHmPicker-Info.plist";
				PRODUCT_NAME = "$(TARGET_NAME)";
				WRAPPER_EXTENSION = app;
			};
			name = Debug;
		};
		2686BF071963FED2003FEA13 /* Release */ = {
			isa = XCBuildConfiguration;
			buildSettings = {
				ASSETCATALOG_COMPILER_APPICON_NAME = AppIcon;
				ASSETCATALOG_COMPILER_LAUNCHIMAGE_NAME = LaunchImage;
				GCC_PRECOMPILE_PREFIX_HEADER = YES;
				GCC_PREFIX_HEADER = "YmdAndHmPicker/YmdAndHmPicker-Prefix.pch";
				INFOPLIST_FILE = "YmdAndHmPicker/YmdAndHmPicker-Info.plist";
				PRODUCT_NAME = "$(TARGET_NAME)";
				WRAPPER_EXTENSION = app;
			};
			name = Release;
		};
		2686BF091963FED2003FEA13 /* Debug */ = {
			isa = XCBuildConfiguration;
			buildSettings = {
				BUNDLE_LOADER = "$(BUILT_PRODUCTS_DIR)/YmdAndHmPicker.app/YmdAndHmPicker";
				FRAMEWORK_SEARCH_PATHS = (
					"$(SDKROOT)/Developer/Library/Frameworks",
					"$(inherited)",
					"$(DEVELOPER_FRAMEWORKS_DIR)",
				);
				GCC_PRECOMPILE_PREFIX_HEADER = YES;
				GCC_PREFIX_HEADER = "YmdAndHmPicker/YmdAndHmPicker-Prefix.pch";
				GCC_PREPROCESSOR_DEFINITIONS = (
					"DEBUG=1",
					"$(inherited)",
				);
				INFOPLIST_FILE = "YmdAndHmPickerTests/YmdAndHmPickerTests-Info.plist";
				PRODUCT_NAME = "$(TARGET_NAME)";
				TEST_HOST = "$(BUNDLE_LOADER)";
				WRAPPER_EXTENSION = xctest;
			};
			name = Debug;
		};
		2686BF0A1963FED2003FEA13 /* Release */ = {
			isa = XCBuildConfiguration;
			buildSettings = {
				BUNDLE_LOADER = "$(BUILT_PRODUCTS_DIR)/YmdAndHmPicker.app/YmdAndHmPicker";
				FRAMEWORK_SEARCH_PATHS = (
					"$(SDKROOT)/Developer/Library/Frameworks",
					"$(inherited)",
					"$(DEVELOPER_FRAMEWORKS_DIR)",
				);
				GCC_PRECOMPILE_PREFIX_HEADER = YES;
				GCC_PREFIX_HEADER = "YmdAndHmPicker/YmdAndHmPicker-Prefix.pch";
				INFOPLIST_FILE = "YmdAndHmPickerTests/YmdAndHmPickerTests-Info.plist";
				PRODUCT_NAME = "$(TARGET_NAME)";
				TEST_HOST = "$(BUNDLE_LOADER)";
				WRAPPER_EXTENSION = xctest;
			};
			name = Release;
		};
/* End XCBuildConfiguration section */

/* Begin XCConfigurationList section */
		2686BECE1963FECC003FEA13 /* Build configuration list for PBXProject "YmdAndHmPicker" */ = {
			isa = XCConfigurationList;
			buildConfigurations = (
				2686BF031963FED2003FEA13 /* Debug */,
				2686BF041963FED2003FEA13 /* Release */,
			);
			defaultConfigurationIsVisible = 0;
			defaultConfigurationName = Release;
		};
		2686BF051963FED2003FEA13 /* Build configuration list for PBXNativeTarget "YmdAndHmPicker" */ = {
			isa = XCConfigurationList;
			buildConfigurations = (
				2686BF061963FED2003FEA13 /* Debug */,
				2686BF071963FED2003FEA13 /* Release */,
			);
			defaultConfigurationIsVisible = 0;
			defaultConfigurationName = Release;
		};
		2686BF081963FED2003FEA13 /* Build configuration list for PBXNativeTarget "YmdAndHmPickerTests" */ = {
			isa = XCConfigurationList;
			buildConfigurations = (
				2686BF091963FED2003FEA13 /* Debug */,
				2686BF0A1963FED2003FEA13 /* Release */,
			);
			defaultConfigurationIsVisible = 0;
			defaultConfigurationName = Release;
		};
/* End XCConfigurationList section */
	};
	rootObject = 2686BECB1963FECC003FEA13 /* Project object */;
}
